
Microsoft Visual Studio Solution File, Format Version 12.00
# Visual Studio 15
VisualStudioVersion = 15.0.28307.329
MinimumVisualStudioVersion = 10.0.40219.1
Project("{FAE04EC0-301F-11D3-BF4B-00C04F79EFBC}") = "NorthWindTests", "NorthWindTests\NorthWindTests.csproj", "{BCCF70B5-F61E-4E91-A52E-00EAF2C29718}"
EndProject
Global
	GlobalSection(SolutionConfigurationPlatforms) = preSolution
		Debug|Any CPU = Debug|Any CPU
		Release|Any CPU = Release|Any CPU
	EndGlobalSection
	GlobalSection(ProjectConfigurationPlatforms) = postSolution
		{BCCF70B5-F61E-4E91-A52E-00EAF2C29718}.Debug|Any CPU.ActiveCfg = Debug|Any CPU
		{BCCF70B5-F61E-4E91-A52E-00EAF2C29718}.Debug|Any CPU.Build.0 = Debug|Any CPU
		{BCCF70B5-F61E-4E91-A52E-00EAF2C29718}.Release|Any CPU.ActiveCfg = Release|Any CPU
		{BCCF70B5-F61E-4E91-A52E-00EAF2C29718}.Release|Any CPU.Build.0 = Release|Any CPU
	EndGlobalSection
	GlobalSection(SolutionProperties) = preSolution
		HideSolutionNode = FALSE
	EndGlobalSection
	GlobalSection(ExtensibilityGlobals) = postSolution
		SolutionGuid = {46C8C6E5-73D8-465F-8B3E-E2BD1680901C}
	EndGlobalSection
EndGlobal
